<?xml version="1.0" encoding="utf-8"?>
<Project ToolsVersion="4.0" xmlns="http://schemas.microsoft.com/developer/msbuild/2003">
  <ItemGroup>
    <Filter Include="소스 파일">
      <UniqueIdentifier>{4FC737F1-C7A5-4376-A066-2A32D752A2FF}</UniqueIdentifier>
      <Extensions>cpp;c;cc;cxx;c++;cppm;ixx;def;odl;idl;hpj;bat;asm;asmx</Extensions>
    </Filter>
    <Filter Include="헤더 파일">
      <UniqueIdentifier>{93995380-89BD-4b04-88EB-625FBE52EBFB}</UniqueIdentifier>
      <Extensions>h;hh;hpp;hxx;h++;hm;inl;inc;ipp;xsd</Extensions>
    </Filter>
    <Filter Include="리소스 파일">
      <UniqueIdentifier>{67DA6AB6-F800-4c08-8B7A-83BB121AAD01}</UniqueIdentifier>
      <Extensions>rc;ico;cur;bmp;dlg;rc2;rct;bin;rgs;gif;jpg;jpeg;jpe;resx;tiff;tif;png;wav;mfcribbon-ms</Extensions>
    </Filter>
    <Filter Include="01.GameManager">
      <UniqueIdentifier>{a2d975c2-c5cb-49dc-b216-6b5eac805dbd}</UniqueIdentifier>
    </Filter>
    <Filter Include="01.GameManager\01.Device">
      <UniqueIdentifier>{1c5cda9c-c9d3-48a8-aae3-b91cfe1e9aae}</UniqueIdentifier>
    </Filter>
    <Filter Include="03.Asset">
      <UniqueIdentifier>{935297d2-e283-47f9-a9a5-c751c74d03b9}</UniqueIdentifier>
    </Filter>
    <Filter Include="02.Share">
      <UniqueIdentifier>{85b3e4c9-6e83-4a86-81b9-0a8513d0438a}</UniqueIdentifier>
    </Filter>
    <Filter Include="02.Share\01.Timer">
      <UniqueIdentifier>{c1ef0507-d403-4640-be26-f68ad41cb905}</UniqueIdentifier>
    </Filter>
    <Filter Include="03.Asset\01.Mesh">
      <UniqueIdentifier>{bf9c2c75-e739-42c0-962c-371639711274}</UniqueIdentifier>
    </Filter>
    <Filter Include="02.Share\02.Object">
      <UniqueIdentifier>{2a1dfa21-57af-452f-ba0e-361af0fc624f}</UniqueIdentifier>
    </Filter>
    <Filter Include="02.Share\03.SharedPtr">
      <UniqueIdentifier>{5c294aa0-794a-433d-ab7f-b7e2603264db}</UniqueIdentifier>
    </Filter>
    <Filter Include="04.Shader">
      <UniqueIdentifier>{ada2d97e-92bb-40c5-b13e-01b4ef8985b2}</UniqueIdentifier>
    </Filter>
    <Filter Include="04.Shader\01.HLSL">
      <UniqueIdentifier>{e611d033-bdfa-4bec-941d-33b04a59711e}</UniqueIdentifier>
    </Filter>
    <Filter Include="04.Shader\02.Shader Class">
      <UniqueIdentifier>{4727b709-0842-4199-8717-dcb46e5a9553}</UniqueIdentifier>
    </Filter>
    <Filter Include="04.Shader\03.ConstantBuffer">
      <UniqueIdentifier>{51beb32e-753f-45f7-b432-c2efab07be36}</UniqueIdentifier>
    </Filter>
    <Filter Include="04.Shader\03.ConstantBuffer\01.Transform">
      <UniqueIdentifier>{b6297644-3c3d-43e4-b73e-fca2ca2e8e3c}</UniqueIdentifier>
    </Filter>
    <Filter Include="05.Scene">
      <UniqueIdentifier>{3b0fc3a3-b293-483a-b62b-a5abe4749992}</UniqueIdentifier>
    </Filter>
    <Filter Include="06.Object">
      <UniqueIdentifier>{cfae6981-8830-406f-b813-d3174836da16}</UniqueIdentifier>
    </Filter>
    <Filter Include="07.Component">
      <UniqueIdentifier>{6d923293-0c1d-4f12-bcff-de9437dacb7e}</UniqueIdentifier>
    </Filter>
    <Filter Include="07.Component\01.SceneComponent">
      <UniqueIdentifier>{3038f3c9-a6e1-4178-838b-1148b7caa938}</UniqueIdentifier>
    </Filter>
    <Filter Include="05.Scene\01.Input">
      <UniqueIdentifier>{3f6ba237-6d7d-4525-8bc1-83a85c0468ea}</UniqueIdentifier>
    </Filter>
    <Filter Include="06.Object\01.Player">
      <UniqueIdentifier>{e6b0a983-f48a-4cb0-ae73-9f193692687c}</UniqueIdentifier>
    </Filter>
    <Filter Include="06.Object\02.Bullet">
      <UniqueIdentifier>{06a93a4d-fdab-457e-a095-3cfcc282e202}</UniqueIdentifier>
    </Filter>
    <Filter Include="07.Component\02.NonSceneComponent">
      <UniqueIdentifier>{d2f5959c-ab9b-4f7a-828d-d1bc5f782719}</UniqueIdentifier>
    </Filter>
    <Filter Include="05.Scene\02.CameraManager">
      <UniqueIdentifier>{6b60863f-36d9-4e29-ae76-fb9e4a1b1431}</UniqueIdentifier>
    </Filter>
    <Filter Include="06.Object\03.Monster">
      <UniqueIdentifier>{12c6f496-e255-49da-a9ce-793986de79fa}</UniqueIdentifier>
    </Filter>
  </ItemGroup>
  <ItemGroup>
    <ClCompile Include="main.cpp">
      <Filter>소스 파일</Filter>
    </ClCompile>
    <ClCompile Include="GameManager.cpp">
      <Filter>01.GameManager</Filter>
    </ClCompile>
    <ClCompile Include="Share\Timer.cpp">
      <Filter>02.Share\01.Timer</Filter>
    </ClCompile>
    <ClCompile Include="Device.cpp">
      <Filter>01.GameManager\01.Device</Filter>
    </ClCompile>
    <ClCompile Include="Asset\AssetManager.cpp">
      <Filter>03.Asset</Filter>
    </ClCompile>
    <ClCompile Include="Share\Object.cpp">
      <Filter>02.Share\02.Object</Filter>
    </ClCompile>
    <ClCompile Include="Asset\Asset.cpp">
      <Filter>03.Asset</Filter>
    </ClCompile>
    <ClCompile Include="Asset\Mesh\Mesh.cpp">
      <Filter>03.Asset\01.Mesh</Filter>
    </ClCompile>
    <ClCompile Include="Asset\Mesh\StaticMesh.cpp">
      <Filter>03.Asset\01.Mesh</Filter>
    </ClCompile>
    <ClCompile Include="Asset\Mesh\MeshManager.cpp">
      <Filter>03.Asset\01.Mesh</Filter>
    </ClCompile>
    <ClCompile Include="Shader\ShaderManager.cpp">
      <Filter>04.Shader</Filter>
    </ClCompile>
    <ClCompile Include="Shader\Shader.cpp">
      <Filter>04.Shader\02.Shader Class</Filter>
    </ClCompile>
    <ClCompile Include="Shader\GraphicShader.cpp">
      <Filter>04.Shader\02.Shader Class</Filter>
    </ClCompile>
    <ClCompile Include="Shader\ComputeShader.cpp">
      <Filter>04.Shader\02.Shader Class</Filter>
    </ClCompile>
    <ClCompile Include="Shader\ColorMeshShader.cpp">
      <Filter>04.Shader\02.Shader Class</Filter>
    </ClCompile>
    <ClCompile Include="Shader\ConstantBuffer.cpp">
      <Filter>04.Shader\03.ConstantBuffer</Filter>
    </ClCompile>
    <ClCompile Include="Shader\ConstantBufferData.cpp">
      <Filter>04.Shader\03.ConstantBuffer</Filter>
    </ClCompile>
    <ClCompile Include="Shader\TransformCBuffer.cpp">
      <Filter>04.Shader\03.ConstantBuffer\01.Transform</Filter>
    </ClCompile>
    <ClCompile Include="Scene\Scene.cpp">
      <Filter>05.Scene</Filter>
    </ClCompile>
    <ClCompile Include="Scene\SceneMain.cpp">
      <Filter>05.Scene</Filter>
    </ClCompile>
    <ClCompile Include="Object\SceneObject.cpp">
      <Filter>06.Object</Filter>
    </ClCompile>
    <ClCompile Include="Component\Component.cpp">
      <Filter>07.Component</Filter>
    </ClCompile>
    <ClCompile Include="Vector3D.cpp">
      <Filter>소스 파일</Filter>
    </ClCompile>
    <ClCompile Include="Component\SceneComponent.cpp">
      <Filter>07.Component\01.SceneComponent</Filter>
    </ClCompile>
    <ClCompile Include="Component\MeshComponent.cpp">
      <Filter>07.Component\01.SceneComponent</Filter>
    </ClCompile>
    <ClCompile Include="Component\StaticMeshComponent.cpp">
      <Filter>07.Component\01.SceneComponent</Filter>
    </ClCompile>
    <ClCompile Include="Scene\SceneManager.cpp">
      <Filter>05.Scene</Filter>
    </ClCompile>
    <ClCompile Include="Scene\Input.cpp">
      <Filter>05.Scene\01.Input</Filter>
    </ClCompile>
    <ClCompile Include="Object\PlayerObject.cpp">
      <Filter>06.Object\01.Player</Filter>
    </ClCompile>
    <ClCompile Include="Object\BulletObject.cpp">
      <Filter>06.Object\02.Bullet</Filter>
    </ClCompile>
    <ClCompile Include="Object\TornadoBullet.cpp">
      <Filter>06.Object\02.Bullet</Filter>
    </ClCompile>
    <ClCompile Include="Component\MovementComponent.cpp">
      <Filter>07.Component\02.NonSceneComponent</Filter>
    </ClCompile>
    <ClCompile Include="Component\CameraComponent.cpp">
      <Filter>07.Component\01.SceneComponent</Filter>
    </ClCompile>
    <ClCompile Include="Scene\CameraManager.cpp">
      <Filter>05.Scene\02.CameraManager</Filter>
    </ClCompile>
    <ClCompile Include="Component\RotationComponent.cpp">
      <Filter>07.Component\02.NonSceneComponent</Filter>
    </ClCompile>
    <ClCompile Include="Object\TalonR.cpp">
      <Filter>06.Object\02.Bullet</Filter>
    </ClCompile>
    <ClCompile Include="Object\MonsterObject.cpp">
      <Filter>06.Object\03.Monster</Filter>
    </ClCompile>
  </ItemGroup>
  <ItemGroup>
    <ClInclude Include="GameManager.h">
      <Filter>01.GameManager</Filter>
    </ClInclude>
    <ClInclude Include="GameInfo.h">
      <Filter>헤더 파일</Filter>
    </ClInclude>
    <ClInclude Include="resource.h">
      <Filter>헤더 파일</Filter>
    </ClInclude>
    <ClInclude Include="Share\Timer.h">
      <Filter>02.Share\01.Timer</Filter>
    </ClInclude>
    <ClInclude Include="Vector2D.h">
      <Filter>헤더 파일</Filter>
    </ClInclude>
    <ClInclude Include="Vector3D.h">
      <Filter>헤더 파일</Filter>
    </ClInclude>
    <ClInclude Include="Vector4D.h">
      <Filter>헤더 파일</Filter>
    </ClInclude>
    <ClInclude Include="Device.h">
      <Filter>01.GameManager\01.Device</Filter>
    </ClInclude>
    <ClInclude Include="Asset\AssetManager.h">
      <Filter>03.Asset</Filter>
    </ClInclude>
    <ClInclude Include="Share\Object.h">
      <Filter>02.Share\02.Object</Filter>
    </ClInclude>
    <ClInclude Include="Asset\Asset.h">
      <Filter>03.Asset</Filter>
    </ClInclude>
    <ClInclude Include="Asset\Mesh\Mesh.h">
      <Filter>03.Asset\01.Mesh</Filter>
    </ClInclude>
    <ClInclude Include="Asset\Mesh\StaticMesh.h">
      <Filter>03.Asset\01.Mesh</Filter>
    </ClInclude>
    <ClInclude Include="Asset\Mesh\MeshManager.h">
      <Filter>03.Asset\01.Mesh</Filter>
    </ClInclude>
    <ClInclude Include="Share\SharedPtr.h">
      <Filter>02.Share\03.SharedPtr</Filter>
    </ClInclude>
    <ClInclude Include="Shader\ShaderManager.h">
      <Filter>04.Shader</Filter>
    </ClInclude>
    <ClInclude Include="Shader\Shader.h">
      <Filter>04.Shader\02.Shader Class</Filter>
    </ClInclude>
    <ClInclude Include="Shader\GraphicShader.h">
      <Filter>04.Shader\02.Shader Class</Filter>
    </ClInclude>
    <ClInclude Include="Shader\ComputeShader.h">
      <Filter>04.Shader\02.Shader Class</Filter>
    </ClInclude>
    <ClInclude Include="Shader\ColorMeshShader.h">
      <Filter>04.Shader\02.Shader Class</Filter>
    </ClInclude>
    <ClInclude Include="Matrix.h">
      <Filter>헤더 파일</Filter>
    </ClInclude>
    <ClInclude Include="EngineMath.h">
      <Filter>헤더 파일</Filter>
    </ClInclude>
    <ClInclude Include="Shader\ConstantBuffer.h">
      <Filter>04.Shader\03.ConstantBuffer</Filter>
    </ClInclude>
    <ClInclude Include="Shader\ConstantBufferData.h">
      <Filter>04.Shader\03.ConstantBuffer</Filter>
    </ClInclude>
    <ClInclude Include="Shader\TransformCBuffer.h">
      <Filter>04.Shader\03.ConstantBuffer\01.Transform</Filter>
    </ClInclude>
    <ClInclude Include="Shader\CBufferContainer.h">
      <Filter>04.Shader\03.ConstantBuffer</Filter>
    </ClInclude>
    <ClInclude Include="Scene\Scene.h">
      <Filter>05.Scene</Filter>
    </ClInclude>
    <ClInclude Include="Scene\SceneMain.h">
      <Filter>05.Scene</Filter>
    </ClInclude>
    <ClInclude Include="Object\SceneObject.h">
      <Filter>06.Object</Filter>
    </ClInclude>
    <ClInclude Include="Component\Component.h">
      <Filter>07.Component</Filter>
    </ClInclude>
    <ClInclude Include="Component\SceneComponent.h">
      <Filter>07.Component\01.SceneComponent</Filter>
    </ClInclude>
    <ClInclude Include="Component\MeshComponent.h">
      <Filter>07.Component\01.SceneComponent</Filter>
    </ClInclude>
    <ClInclude Include="Component\StaticMeshComponent.h">
      <Filter>07.Component\01.SceneComponent</Filter>
    </ClInclude>
    <ClInclude Include="Scene\SceneManager.h">
      <Filter>05.Scene</Filter>
    </ClInclude>
    <ClInclude Include="Scene\Input.h">
      <Filter>05.Scene\01.Input</Filter>
    </ClInclude>
    <ClInclude Include="Object\PlayerObject.h">
      <Filter>06.Object\01.Player</Filter>
    </ClInclude>
    <ClInclude Include="Object\BulletObject.h">
      <Filter>06.Object\02.Bullet</Filter>
    </ClInclude>
    <ClInclude Include="Object\TornadoBullet.h">
      <Filter>06.Object\02.Bullet</Filter>
    </ClInclude>
    <ClInclude Include="Component\MovementComponent.h">
      <Filter>07.Component\02.NonSceneComponent</Filter>
    </ClInclude>
    <ClInclude Include="Component\CameraComponent.h">
      <Filter>07.Component\01.SceneComponent</Filter>
    </ClInclude>
    <ClInclude Include="Scene\CameraManager.h">
      <Filter>05.Scene\02.CameraManager</Filter>
    </ClInclude>
    <ClInclude Include="Component\RotationComponent.h">
      <Filter>07.Component\02.NonSceneComponent</Filter>
    </ClInclude>
    <ClInclude Include="Object\TalonR.h">
      <Filter>06.Object\02.Bullet</Filter>
    </ClInclude>
    <ClInclude Include="Object\MonsterObject.h">
      <Filter>06.Object\03.Monster</Filter>
    </ClInclude>
  </ItemGroup>
  <ItemGroup>
    <ResourceCompile Include="CYSFramework.rc">
      <Filter>리소스 파일</Filter>
    </ResourceCompile>
  </ItemGroup>
  <ItemGroup>
    <Image Include="icon2.ico">
      <Filter>리소스 파일</Filter>
    </Image>
  </ItemGroup>
  <ItemGroup>
    <FxCompile Include="..\Bin\Shader\ColorMesh.fx">
      <Filter>04.Shader\01.HLSL</Filter>
    </FxCompile>
    <FxCompile Include="..\Bin\Shader\Share.fx">
      <Filter>04.Shader\01.HLSL</Filter>
    </FxCompile>
  </ItemGroup>
  <ItemGroup>
    <None Include="ClassDiagram.cd" />
  </ItemGroup>
</Project>