<?xml version="1.0" encoding="utf-8"?>
<Project ToolsVersion="4.0" xmlns="http://schemas.microsoft.com/developer/msbuild/2003">
  <ItemGroup>
    <Filter Include="소스 파일">
      <UniqueIdentifier>{4FC737F1-C7A5-4376-A066-2A32D752A2FF}</UniqueIdentifier>
      <Extensions>cpp;c;cc;cxx;c++;cppm;ixx;def;odl;idl;hpj;bat;asm;asmx</Extensions>
    </Filter>
    <Filter Include="헤더 파일">
      <UniqueIdentifier>{93995380-89BD-4b04-88EB-625FBE52EBFB}</UniqueIdentifier>
      <Extensions>h;hh;hpp;hxx;h++;hm;inl;inc;ipp;xsd</Extensions>
    </Filter>
    <Filter Include="리소스 파일">
      <UniqueIdentifier>{67DA6AB6-F800-4c08-8B7A-83BB121AAD01}</UniqueIdentifier>
      <Extensions>rc;ico;cur;bmp;dlg;rc2;rct;bin;rgs;gif;jpg;jpeg;jpe;resx;tiff;tif;png;wav;mfcribbon-ms</Extensions>
    </Filter>
    <Filter Include="01.GameManager">
      <UniqueIdentifier>{a2d975c2-c5cb-49dc-b216-6b5eac805dbd}</UniqueIdentifier>
    </Filter>
    <Filter Include="01.GameManager\01.Device">
      <UniqueIdentifier>{1c5cda9c-c9d3-48a8-aae3-b91cfe1e9aae}</UniqueIdentifier>
    </Filter>
    <Filter Include="03.Asset">
      <UniqueIdentifier>{935297d2-e283-47f9-a9a5-c751c74d03b9}</UniqueIdentifier>
    </Filter>
    <Filter Include="02.Share">
      <UniqueIdentifier>{85b3e4c9-6e83-4a86-81b9-0a8513d0438a}</UniqueIdentifier>
    </Filter>
    <Filter Include="02.Share\01.Timer">
      <UniqueIdentifier>{c1ef0507-d403-4640-be26-f68ad41cb905}</UniqueIdentifier>
    </Filter>
    <Filter Include="03.Asset\01.Mesh">
      <UniqueIdentifier>{bf9c2c75-e739-42c0-962c-371639711274}</UniqueIdentifier>
    </Filter>
    <Filter Include="02.Share\02.Object">
      <UniqueIdentifier>{2a1dfa21-57af-452f-ba0e-361af0fc624f}</UniqueIdentifier>
    </Filter>
    <Filter Include="02.Share\03.SharedPtr">
      <UniqueIdentifier>{5c294aa0-794a-433d-ab7f-b7e2603264db}</UniqueIdentifier>
    </Filter>
    <Filter Include="04.Shader">
      <UniqueIdentifier>{ada2d97e-92bb-40c5-b13e-01b4ef8985b2}</UniqueIdentifier>
    </Filter>
    <Filter Include="04.Shader\01.HLSL">
      <UniqueIdentifier>{e611d033-bdfa-4bec-941d-33b04a59711e}</UniqueIdentifier>
    </Filter>
    <Filter Include="04.Shader\02.Shader Class">
      <UniqueIdentifier>{4727b709-0842-4199-8717-dcb46e5a9553}</UniqueIdentifier>
    </Filter>
    <Filter Include="04.Shader\03.ConstantBuffer">
      <UniqueIdentifier>{51beb32e-753f-45f7-b432-c2efab07be36}</UniqueIdentifier>
    </Filter>
    <Filter Include="04.Shader\03.ConstantBuffer\01.Transform">
      <UniqueIdentifier>{b6297644-3c3d-43e4-b73e-fca2ca2e8e3c}</UniqueIdentifier>
    </Filter>
    <Filter Include="05.Scene">
      <UniqueIdentifier>{3b0fc3a3-b293-483a-b62b-a5abe4749992}</UniqueIdentifier>
    </Filter>
    <Filter Include="06.Object">
      <UniqueIdentifier>{cfae6981-8830-406f-b813-d3174836da16}</UniqueIdentifier>
    </Filter>
    <Filter Include="07.Component">
      <UniqueIdentifier>{6d923293-0c1d-4f12-bcff-de9437dacb7e}</UniqueIdentifier>
    </Filter>
    <Filter Include="07.Component\01.SceneComponent">
      <UniqueIdentifier>{3038f3c9-a6e1-4178-838b-1148b7caa938}</UniqueIdentifier>
    </Filter>
    <Filter Include="05.Scene\01.Input">
      <UniqueIdentifier>{3f6ba237-6d7d-4525-8bc1-83a85c0468ea}</UniqueIdentifier>
    </Filter>
    <Filter Include="06.Object\01.Player">
      <UniqueIdentifier>{e6b0a983-f48a-4cb0-ae73-9f193692687c}</UniqueIdentifier>
    </Filter>
    <Filter Include="06.Object\02.Bullet">
      <UniqueIdentifier>{06a93a4d-fdab-457e-a095-3cfcc282e202}</UniqueIdentifier>
    </Filter>
    <Filter Include="07.Component\02.NonSceneComponent">
      <UniqueIdentifier>{d2f5959c-ab9b-4f7a-828d-d1bc5f782719}</UniqueIdentifier>
    </Filter>
    <Filter Include="05.Scene\02.CameraManager">
      <UniqueIdentifier>{6b60863f-36d9-4e29-ae76-fb9e4a1b1431}</UniqueIdentifier>
    </Filter>
    <Filter Include="06.Object\03.Monster">
      <UniqueIdentifier>{12c6f496-e255-49da-a9ce-793986de79fa}</UniqueIdentifier>
    </Filter>
    <Filter Include="02.Share\04.Log">
      <UniqueIdentifier>{591c6b4c-f5fd-4ffe-9ca5-6b59ff0b427d}</UniqueIdentifier>
    </Filter>
    <Filter Include="07.Component\01.SceneComponent\01.Mesh">
      <UniqueIdentifier>{8ac94368-4a0c-40b6-bcf0-26179d0c5e96}</UniqueIdentifier>
    </Filter>
    <Filter Include="07.Component\01.SceneComponent\02.Camera">
      <UniqueIdentifier>{85584a15-df39-4df1-b146-dcda59318958}</UniqueIdentifier>
    </Filter>
    <Filter Include="07.Component\01.SceneComponent\03.Collider">
      <UniqueIdentifier>{15daf3c4-8a88-4b50-8c8a-74bed3a673fc}</UniqueIdentifier>
    </Filter>
    <Filter Include="05.Scene\03.Collision">
      <UniqueIdentifier>{5efe9498-4ea2-42a9-a3d1-e2d51eb72976}</UniqueIdentifier>
    </Filter>
    <Filter Include="04.Shader\02.Shader Class\01.ColorMesh">
      <UniqueIdentifier>{7467a20c-612f-4aa1-8b00-e657dec85108}</UniqueIdentifier>
    </Filter>
    <Filter Include="04.Shader\02.Shader Class\02.FrameMesh">
      <UniqueIdentifier>{f832c21c-4a30-47b1-abeb-1321ae78540c}</UniqueIdentifier>
    </Filter>
    <Filter Include="01.GameManager\02.ProfileManager">
      <UniqueIdentifier>{5b017891-188b-4dc7-bcca-48e6a46cbf3a}</UniqueIdentifier>
    </Filter>
    <Filter Include="01.GameManager\03.Collision">
      <UniqueIdentifier>{35785f03-f0bc-4889-8597-e3b54c1c245b}</UniqueIdentifier>
    </Filter>
    <Filter Include="04.Shader\03.ConstantBuffer\02.Collider">
      <UniqueIdentifier>{211b1a14-f09c-4ddb-a5c8-bdf000411dd0}</UniqueIdentifier>
    </Filter>
    <Filter Include="07.Component\01.SceneComponent\03.Collider\01.2D">
      <UniqueIdentifier>{9321313c-3533-4a6b-a333-4dae861a7ca2}</UniqueIdentifier>
    </Filter>
    <Filter Include="03.Asset\02.Texture">
      <UniqueIdentifier>{774d85ea-037b-4735-b27b-f7fea9cb7e50}</UniqueIdentifier>
    </Filter>
    <Filter Include="05.Scene\04.Asset">
      <UniqueIdentifier>{f93442a2-e280-4d80-b887-e4de418b54bd}</UniqueIdentifier>
    </Filter>
    <Filter Include="03.Asset\03.Material">
      <UniqueIdentifier>{6a4ba59d-b263-45fd-9e0c-8816854c280b}</UniqueIdentifier>
    </Filter>
    <Filter Include="04.Shader\03.ConstantBuffer\03.Material">
      <UniqueIdentifier>{dd6856ba-0067-4440-91d2-dd921308caed}</UniqueIdentifier>
    </Filter>
    <Filter Include="04.Shader\02.Shader Class\03.StaticMesh">
      <UniqueIdentifier>{ef81b7d4-5869-4b2b-855e-e36c06c0d73a}</UniqueIdentifier>
    </Filter>
    <Filter Include="08.Render">
      <UniqueIdentifier>{b765ab30-a799-460f-a3c3-741b97a74f84}</UniqueIdentifier>
    </Filter>
    <Filter Include="08.Render\01.RenderState">
      <UniqueIdentifier>{dfdf30b1-d53c-4032-a023-b1488f9a4722}</UniqueIdentifier>
    </Filter>
    <Filter Include="07.Component\01.SceneComponent\04.Sprite">
      <UniqueIdentifier>{f24fc4e6-69b3-4070-993d-3391c156b949}</UniqueIdentifier>
    </Filter>
    <Filter Include="04.Shader\03.ConstantBuffer\04.Sprite">
      <UniqueIdentifier>{c9592805-b84a-4d07-a322-cfcfe19907ab}</UniqueIdentifier>
    </Filter>
    <Filter Include="04.Shader\02.Shader Class\04. Sprite">
      <UniqueIdentifier>{4628a1e4-da5f-4177-996f-a46933346580}</UniqueIdentifier>
    </Filter>
    <Filter Include="03.Asset\04. Animation">
      <UniqueIdentifier>{0da5995b-524c-460c-ac1d-bea86b920ae7}</UniqueIdentifier>
    </Filter>
    <Filter Include="09.Animation">
      <UniqueIdentifier>{ef5cc91b-ac06-4603-bc71-6b2f58f82f6f}</UniqueIdentifier>
    </Filter>
    <Filter Include="04.Shader\03.ConstantBuffer\05.Animation">
      <UniqueIdentifier>{dbbc79f5-b09e-4c07-a8fa-1d8581bedf31}</UniqueIdentifier>
    </Filter>
    <Filter Include="06.Object\04.Effect">
      <UniqueIdentifier>{334a81fc-904e-481a-9ccf-246db67efd8b}</UniqueIdentifier>
    </Filter>
    <Filter Include="03.Asset\05.Sound">
      <UniqueIdentifier>{7f8086e4-3e8e-4eb7-8a63-6eca24bc64f9}</UniqueIdentifier>
    </Filter>
  </ItemGroup>
  <ItemGroup>
    <ClCompile Include="main.cpp">
      <Filter>소스 파일</Filter>
    </ClCompile>
    <ClCompile Include="GameManager.cpp">
      <Filter>01.GameManager</Filter>
    </ClCompile>
    <ClCompile Include="Share\Timer.cpp">
      <Filter>02.Share\01.Timer</Filter>
    </ClCompile>
    <ClCompile Include="Device.cpp">
      <Filter>01.GameManager\01.Device</Filter>
    </ClCompile>
    <ClCompile Include="Asset\AssetManager.cpp">
      <Filter>03.Asset</Filter>
    </ClCompile>
    <ClCompile Include="Share\Object.cpp">
      <Filter>02.Share\02.Object</Filter>
    </ClCompile>
    <ClCompile Include="Asset\Asset.cpp">
      <Filter>03.Asset</Filter>
    </ClCompile>
    <ClCompile Include="Asset\Mesh\Mesh.cpp">
      <Filter>03.Asset\01.Mesh</Filter>
    </ClCompile>
    <ClCompile Include="Asset\Mesh\StaticMesh.cpp">
      <Filter>03.Asset\01.Mesh</Filter>
    </ClCompile>
    <ClCompile Include="Asset\Mesh\MeshManager.cpp">
      <Filter>03.Asset\01.Mesh</Filter>
    </ClCompile>
    <ClCompile Include="Shader\ShaderManager.cpp">
      <Filter>04.Shader</Filter>
    </ClCompile>
    <ClCompile Include="Shader\Shader.cpp">
      <Filter>04.Shader\02.Shader Class</Filter>
    </ClCompile>
    <ClCompile Include="Shader\GraphicShader.cpp">
      <Filter>04.Shader\02.Shader Class</Filter>
    </ClCompile>
    <ClCompile Include="Shader\ComputeShader.cpp">
      <Filter>04.Shader\02.Shader Class</Filter>
    </ClCompile>
    <ClCompile Include="Shader\ConstantBuffer.cpp">
      <Filter>04.Shader\03.ConstantBuffer</Filter>
    </ClCompile>
    <ClCompile Include="Shader\ConstantBufferData.cpp">
      <Filter>04.Shader\03.ConstantBuffer</Filter>
    </ClCompile>
    <ClCompile Include="Shader\TransformCBuffer.cpp">
      <Filter>04.Shader\03.ConstantBuffer\01.Transform</Filter>
    </ClCompile>
    <ClCompile Include="Scene\Scene.cpp">
      <Filter>05.Scene</Filter>
    </ClCompile>
    <ClCompile Include="Scene\SceneMain.cpp">
      <Filter>05.Scene</Filter>
    </ClCompile>
    <ClCompile Include="Object\SceneObject.cpp">
      <Filter>06.Object</Filter>
    </ClCompile>
    <ClCompile Include="Component\Component.cpp">
      <Filter>07.Component</Filter>
    </ClCompile>
    <ClCompile Include="Vector3D.cpp">
      <Filter>소스 파일</Filter>
    </ClCompile>
    <ClCompile Include="Component\SceneComponent.cpp">
      <Filter>07.Component\01.SceneComponent</Filter>
    </ClCompile>
    <ClCompile Include="Scene\SceneManager.cpp">
      <Filter>05.Scene</Filter>
    </ClCompile>
    <ClCompile Include="Scene\Input.cpp">
      <Filter>05.Scene\01.Input</Filter>
    </ClCompile>
    <ClCompile Include="Object\PlayerObject.cpp">
      <Filter>06.Object\01.Player</Filter>
    </ClCompile>
    <ClCompile Include="Object\BulletObject.cpp">
      <Filter>06.Object\02.Bullet</Filter>
    </ClCompile>
    <ClCompile Include="Object\TornadoBullet.cpp">
      <Filter>06.Object\02.Bullet</Filter>
    </ClCompile>
    <ClCompile Include="Component\MovementComponent.cpp">
      <Filter>07.Component\02.NonSceneComponent</Filter>
    </ClCompile>
    <ClCompile Include="Scene\CameraManager.cpp">
      <Filter>05.Scene\02.CameraManager</Filter>
    </ClCompile>
    <ClCompile Include="Component\RotationComponent.cpp">
      <Filter>07.Component\02.NonSceneComponent</Filter>
    </ClCompile>
    <ClCompile Include="Object\TalonR.cpp">
      <Filter>06.Object\02.Bullet</Filter>
    </ClCompile>
    <ClCompile Include="Object\MonsterObject.cpp">
      <Filter>06.Object\03.Monster</Filter>
    </ClCompile>
    <ClCompile Include="Object\NearingMonster.cpp">
      <Filter>06.Object\03.Monster</Filter>
    </ClCompile>
    <ClCompile Include="Share\Log.cpp">
      <Filter>02.Share\04.Log</Filter>
    </ClCompile>
    <ClCompile Include="Object\GunnerMonster.cpp">
      <Filter>06.Object\03.Monster</Filter>
    </ClCompile>
    <ClCompile Include="Object\ZaryaBullet.cpp">
      <Filter>06.Object\02.Bullet</Filter>
    </ClCompile>
    <ClCompile Include="Component\MeshComponent.cpp">
      <Filter>07.Component\01.SceneComponent\01.Mesh</Filter>
    </ClCompile>
    <ClCompile Include="Component\StaticMeshComponent.cpp">
      <Filter>07.Component\01.SceneComponent\01.Mesh</Filter>
    </ClCompile>
    <ClCompile Include="Component\CameraComponent.cpp">
      <Filter>07.Component\01.SceneComponent\02.Camera</Filter>
    </ClCompile>
    <ClCompile Include="Component\ColliderBase.cpp">
      <Filter>07.Component\01.SceneComponent\03.Collider</Filter>
    </ClCompile>
    <ClCompile Include="Scene\SceneCollision.cpp">
      <Filter>05.Scene\03.Collision</Filter>
    </ClCompile>
    <ClCompile Include="Scene\CollisionQuadTree.cpp">
      <Filter>05.Scene\03.Collision</Filter>
    </ClCompile>
    <ClCompile Include="Shader\ColorMeshShader.cpp">
      <Filter>04.Shader\02.Shader Class\01.ColorMesh</Filter>
    </ClCompile>
    <ClCompile Include="Shader\FrameMeshShader.cpp">
      <Filter>04.Shader\02.Shader Class\02.FrameMesh</Filter>
    </ClCompile>
    <ClCompile Include="ProfileManager.cpp">
      <Filter>01.GameManager\02.ProfileManager</Filter>
    </ClCompile>
    <ClCompile Include="Collision.cpp">
      <Filter>01.GameManager\03.Collision</Filter>
    </ClCompile>
    <ClCompile Include="Shader\ColliderCBuffer.cpp">
      <Filter>04.Shader\03.ConstantBuffer\02.Collider</Filter>
    </ClCompile>
    <ClCompile Include="Object\MonsterSpawner.cpp">
      <Filter>06.Object\03.Monster</Filter>
    </ClCompile>
    <ClCompile Include="Object\ObjectSpawnPoint.cpp">
      <Filter>06.Object</Filter>
    </ClCompile>
    <ClCompile Include="Component\ColliderAABB2D.cpp">
      <Filter>07.Component\01.SceneComponent\03.Collider\01.2D</Filter>
    </ClCompile>
    <ClCompile Include="Component\ColliderSphere2D.cpp">
      <Filter>07.Component\01.SceneComponent\03.Collider\01.2D</Filter>
    </ClCompile>
    <ClCompile Include="Component\ColliderOBB2D.cpp">
      <Filter>07.Component\01.SceneComponent\03.Collider\01.2D</Filter>
    </ClCompile>
    <ClCompile Include="Object\ContinuousdamageBullet.cpp">
      <Filter>06.Object\02.Bullet</Filter>
    </ClCompile>
    <ClCompile Include="Object\PenetrationBullet.cpp">
      <Filter>06.Object\02.Bullet</Filter>
    </ClCompile>
    <ClCompile Include="Component\ColliderLine2D.cpp">
      <Filter>07.Component\01.SceneComponent\03.Collider\01.2D</Filter>
    </ClCompile>
    <ClCompile Include="Object\BlockObject.cpp">
      <Filter>06.Object</Filter>
    </ClCompile>
    <ClCompile Include="Asset\Texture\Texture.cpp">
      <Filter>03.Asset\02.Texture</Filter>
    </ClCompile>
    <ClCompile Include="Asset\Texture\TextureManager.cpp">
      <Filter>03.Asset\02.Texture</Filter>
    </ClCompile>
    <ClCompile Include="Scene\SceneAssetManager.cpp">
      <Filter>05.Scene\04.Asset</Filter>
    </ClCompile>
    <ClCompile Include="Asset\Material\Material.cpp">
      <Filter>03.Asset\03.Material</Filter>
    </ClCompile>
    <ClCompile Include="Asset\Material\MaterialManager.cpp">
      <Filter>03.Asset\03.Material</Filter>
    </ClCompile>
    <ClCompile Include="Shader\MaterialCBuffer.cpp">
      <Filter>04.Shader\03.ConstantBuffer\03.Material</Filter>
    </ClCompile>
    <ClCompile Include="Vector4D.cpp">
      <Filter>소스 파일</Filter>
    </ClCompile>
    <ClCompile Include="Shader\StaticMeshShader.cpp">
      <Filter>04.Shader\02.Shader Class\03.StaticMesh</Filter>
    </ClCompile>
    <ClCompile Include="Render\RenderState.cpp">
      <Filter>08.Render\01.RenderState</Filter>
    </ClCompile>
    <ClCompile Include="Render\RenderStateManager.cpp">
      <Filter>08.Render\01.RenderState</Filter>
    </ClCompile>
    <ClCompile Include="Render\RenderManager.cpp">
      <Filter>08.Render</Filter>
    </ClCompile>
    <ClCompile Include="Render\BlendState.cpp">
      <Filter>08.Render\01.RenderState</Filter>
    </ClCompile>
    <ClCompile Include="Component\SpriteComponent.cpp">
      <Filter>07.Component\01.SceneComponent\04.Sprite</Filter>
    </ClCompile>
    <ClCompile Include="Shader\SpriteCBuffer.cpp">
      <Filter>04.Shader\03.ConstantBuffer\04.Sprite</Filter>
    </ClCompile>
    <ClCompile Include="Shader\SpriteShader.cpp">
      <Filter>04.Shader\02.Shader Class\04. Sprite</Filter>
    </ClCompile>
    <ClCompile Include="Object\BoomMonster.cpp">
      <Filter>06.Object\03.Monster</Filter>
    </ClCompile>
    <ClCompile Include="Asset\Animation\Animation2DData.cpp">
      <Filter>03.Asset\04. Animation</Filter>
    </ClCompile>
    <ClCompile Include="Asset\Animation\Animation2DManager.cpp">
      <Filter>03.Asset\04. Animation</Filter>
    </ClCompile>
    <ClCompile Include="Animation\Animation2D.cpp">
      <Filter>09.Animation</Filter>
    </ClCompile>
    <ClCompile Include="Animation\Animation2DSequence.cpp">
      <Filter>09.Animation</Filter>
    </ClCompile>
    <ClCompile Include="Shader\Animation2DCBuffer.cpp">
      <Filter>04.Shader\03.ConstantBuffer\05.Animation</Filter>
    </ClCompile>
    <ClCompile Include="Object\SpriteEffect.cpp">
      <Filter>06.Object\04.Effect</Filter>
    </ClCompile>
    <ClCompile Include="Asset\Sound\SoundManager.cpp">
      <Filter>03.Asset\05.Sound</Filter>
    </ClCompile>
    <ClCompile Include="Asset\Sound\Sound.cpp">
      <Filter>03.Asset\05.Sound</Filter>
    </ClCompile>
    <ClCompile Include="Render\RasterizerState.cpp">
      <Filter>08.Render\01.RenderState</Filter>
    </ClCompile>
  </ItemGroup>
  <ItemGroup>
    <ClInclude Include="GameManager.h">
      <Filter>01.GameManager</Filter>
    </ClInclude>
    <ClInclude Include="GameInfo.h">
      <Filter>헤더 파일</Filter>
    </ClInclude>
    <ClInclude Include="resource.h">
      <Filter>헤더 파일</Filter>
    </ClInclude>
    <ClInclude Include="Share\Timer.h">
      <Filter>02.Share\01.Timer</Filter>
    </ClInclude>
    <ClInclude Include="Vector2D.h">
      <Filter>헤더 파일</Filter>
    </ClInclude>
    <ClInclude Include="Vector3D.h">
      <Filter>헤더 파일</Filter>
    </ClInclude>
    <ClInclude Include="Vector4D.h">
      <Filter>헤더 파일</Filter>
    </ClInclude>
    <ClInclude Include="Device.h">
      <Filter>01.GameManager\01.Device</Filter>
    </ClInclude>
    <ClInclude Include="Asset\AssetManager.h">
      <Filter>03.Asset</Filter>
    </ClInclude>
    <ClInclude Include="Share\Object.h">
      <Filter>02.Share\02.Object</Filter>
    </ClInclude>
    <ClInclude Include="Asset\Asset.h">
      <Filter>03.Asset</Filter>
    </ClInclude>
    <ClInclude Include="Asset\Mesh\Mesh.h">
      <Filter>03.Asset\01.Mesh</Filter>
    </ClInclude>
    <ClInclude Include="Asset\Mesh\StaticMesh.h">
      <Filter>03.Asset\01.Mesh</Filter>
    </ClInclude>
    <ClInclude Include="Asset\Mesh\MeshManager.h">
      <Filter>03.Asset\01.Mesh</Filter>
    </ClInclude>
    <ClInclude Include="Share\SharedPtr.h">
      <Filter>02.Share\03.SharedPtr</Filter>
    </ClInclude>
    <ClInclude Include="Shader\ShaderManager.h">
      <Filter>04.Shader</Filter>
    </ClInclude>
    <ClInclude Include="Shader\Shader.h">
      <Filter>04.Shader\02.Shader Class</Filter>
    </ClInclude>
    <ClInclude Include="Shader\GraphicShader.h">
      <Filter>04.Shader\02.Shader Class</Filter>
    </ClInclude>
    <ClInclude Include="Shader\ComputeShader.h">
      <Filter>04.Shader\02.Shader Class</Filter>
    </ClInclude>
    <ClInclude Include="Matrix.h">
      <Filter>헤더 파일</Filter>
    </ClInclude>
    <ClInclude Include="EngineMath.h">
      <Filter>헤더 파일</Filter>
    </ClInclude>
    <ClInclude Include="Shader\ConstantBuffer.h">
      <Filter>04.Shader\03.ConstantBuffer</Filter>
    </ClInclude>
    <ClInclude Include="Shader\ConstantBufferData.h">
      <Filter>04.Shader\03.ConstantBuffer</Filter>
    </ClInclude>
    <ClInclude Include="Shader\TransformCBuffer.h">
      <Filter>04.Shader\03.ConstantBuffer\01.Transform</Filter>
    </ClInclude>
    <ClInclude Include="Shader\CBufferContainer.h">
      <Filter>04.Shader\03.ConstantBuffer</Filter>
    </ClInclude>
    <ClInclude Include="Scene\Scene.h">
      <Filter>05.Scene</Filter>
    </ClInclude>
    <ClInclude Include="Scene\SceneMain.h">
      <Filter>05.Scene</Filter>
    </ClInclude>
    <ClInclude Include="Object\SceneObject.h">
      <Filter>06.Object</Filter>
    </ClInclude>
    <ClInclude Include="Component\Component.h">
      <Filter>07.Component</Filter>
    </ClInclude>
    <ClInclude Include="Component\SceneComponent.h">
      <Filter>07.Component\01.SceneComponent</Filter>
    </ClInclude>
    <ClInclude Include="Scene\SceneManager.h">
      <Filter>05.Scene</Filter>
    </ClInclude>
    <ClInclude Include="Scene\Input.h">
      <Filter>05.Scene\01.Input</Filter>
    </ClInclude>
    <ClInclude Include="Object\PlayerObject.h">
      <Filter>06.Object\01.Player</Filter>
    </ClInclude>
    <ClInclude Include="Object\BulletObject.h">
      <Filter>06.Object\02.Bullet</Filter>
    </ClInclude>
    <ClInclude Include="Object\TornadoBullet.h">
      <Filter>06.Object\02.Bullet</Filter>
    </ClInclude>
    <ClInclude Include="Component\MovementComponent.h">
      <Filter>07.Component\02.NonSceneComponent</Filter>
    </ClInclude>
    <ClInclude Include="Scene\CameraManager.h">
      <Filter>05.Scene\02.CameraManager</Filter>
    </ClInclude>
    <ClInclude Include="Component\RotationComponent.h">
      <Filter>07.Component\02.NonSceneComponent</Filter>
    </ClInclude>
    <ClInclude Include="Object\TalonR.h">
      <Filter>06.Object\02.Bullet</Filter>
    </ClInclude>
    <ClInclude Include="Object\MonsterObject.h">
      <Filter>06.Object\03.Monster</Filter>
    </ClInclude>
    <ClInclude Include="Object\NearingMonster.h">
      <Filter>06.Object\03.Monster</Filter>
    </ClInclude>
    <ClInclude Include="Share\Log.h">
      <Filter>02.Share\04.Log</Filter>
    </ClInclude>
    <ClInclude Include="Object\GunnerMonster.h">
      <Filter>06.Object\03.Monster</Filter>
    </ClInclude>
    <ClInclude Include="Object\ZaryaBullet.h">
      <Filter>06.Object\02.Bullet</Filter>
    </ClInclude>
    <ClInclude Include="Component\MeshComponent.h">
      <Filter>07.Component\01.SceneComponent\01.Mesh</Filter>
    </ClInclude>
    <ClInclude Include="Component\StaticMeshComponent.h">
      <Filter>07.Component\01.SceneComponent\01.Mesh</Filter>
    </ClInclude>
    <ClInclude Include="Component\CameraComponent.h">
      <Filter>07.Component\01.SceneComponent\02.Camera</Filter>
    </ClInclude>
    <ClInclude Include="Component\ColliderBase.h">
      <Filter>07.Component\01.SceneComponent\03.Collider</Filter>
    </ClInclude>
    <ClInclude Include="Scene\SceneCollision.h">
      <Filter>05.Scene\03.Collision</Filter>
    </ClInclude>
    <ClInclude Include="Scene\CollisionQuadTree.h">
      <Filter>05.Scene\03.Collision</Filter>
    </ClInclude>
    <ClInclude Include="Shader\ColorMeshShader.h">
      <Filter>04.Shader\02.Shader Class\01.ColorMesh</Filter>
    </ClInclude>
    <ClInclude Include="Shader\FrameMeshShader.h">
      <Filter>04.Shader\02.Shader Class\02.FrameMesh</Filter>
    </ClInclude>
    <ClInclude Include="ProfileManager.h">
      <Filter>01.GameManager\02.ProfileManager</Filter>
    </ClInclude>
    <ClInclude Include="Collision.h">
      <Filter>01.GameManager\03.Collision</Filter>
    </ClInclude>
    <ClInclude Include="Shader\ColliderCBuffer.h">
      <Filter>04.Shader\03.ConstantBuffer\02.Collider</Filter>
    </ClInclude>
    <ClInclude Include="Object\MonsterSpawner.h">
      <Filter>06.Object\03.Monster</Filter>
    </ClInclude>
    <ClInclude Include="Object\ObjectSpawnPoint.h">
      <Filter>06.Object</Filter>
    </ClInclude>
    <ClInclude Include="Component\ColliderAABB2D.h">
      <Filter>07.Component\01.SceneComponent\03.Collider\01.2D</Filter>
    </ClInclude>
    <ClInclude Include="Component\ColliderSphere2D.h">
      <Filter>07.Component\01.SceneComponent\03.Collider\01.2D</Filter>
    </ClInclude>
    <ClInclude Include="Component\ColliderOBB2D.h">
      <Filter>07.Component\01.SceneComponent\03.Collider\01.2D</Filter>
    </ClInclude>
    <ClInclude Include="Object\ContinuousdamageBullet.h">
      <Filter>06.Object\02.Bullet</Filter>
    </ClInclude>
    <ClInclude Include="Object\PenetrationBullet.h">
      <Filter>06.Object\02.Bullet</Filter>
    </ClInclude>
    <ClInclude Include="Component\ColliderLine2D.h">
      <Filter>07.Component\01.SceneComponent\03.Collider\01.2D</Filter>
    </ClInclude>
    <ClInclude Include="Object\BlockObject.h">
      <Filter>06.Object</Filter>
    </ClInclude>
    <ClInclude Include="Asset\Texture\DirectXTex.h">
      <Filter>03.Asset\02.Texture</Filter>
    </ClInclude>
    <ClInclude Include="Asset\Texture\Texture.h">
      <Filter>03.Asset\02.Texture</Filter>
    </ClInclude>
    <ClInclude Include="Asset\Texture\TextureManager.h">
      <Filter>03.Asset\02.Texture</Filter>
    </ClInclude>
    <ClInclude Include="Scene\SceneAssetManager.h">
      <Filter>05.Scene\04.Asset</Filter>
    </ClInclude>
    <ClInclude Include="Asset\Material\Material.h">
      <Filter>03.Asset\03.Material</Filter>
    </ClInclude>
    <ClInclude Include="Asset\Material\MaterialManager.h">
      <Filter>03.Asset\03.Material</Filter>
    </ClInclude>
    <ClInclude Include="Shader\MaterialCBuffer.h">
      <Filter>04.Shader\03.ConstantBuffer\03.Material</Filter>
    </ClInclude>
    <ClInclude Include="Shader\StaticMeshShader.h">
      <Filter>04.Shader\02.Shader Class\03.StaticMesh</Filter>
    </ClInclude>
    <ClInclude Include="Render\RenderManager.h">
      <Filter>08.Render</Filter>
    </ClInclude>
    <ClInclude Include="Render\RenderState.h">
      <Filter>08.Render\01.RenderState</Filter>
    </ClInclude>
    <ClInclude Include="Render\RenderStateManager.h">
      <Filter>08.Render\01.RenderState</Filter>
    </ClInclude>
    <ClInclude Include="Render\BlendState.h">
      <Filter>08.Render\01.RenderState</Filter>
    </ClInclude>
    <ClInclude Include="Component\SpriteComponent.h">
      <Filter>07.Component\01.SceneComponent\04.Sprite</Filter>
    </ClInclude>
    <ClInclude Include="Shader\SpriteCBuffer.h">
      <Filter>04.Shader\03.ConstantBuffer\04.Sprite</Filter>
    </ClInclude>
    <ClInclude Include="Shader\SpriteShader.h">
      <Filter>04.Shader\02.Shader Class\04. Sprite</Filter>
    </ClInclude>
    <ClInclude Include="Object\BoomMonster.h">
      <Filter>06.Object\03.Monster</Filter>
    </ClInclude>
    <ClInclude Include="Asset\Animation\Animation2DData.h">
      <Filter>03.Asset\04. Animation</Filter>
    </ClInclude>
    <ClInclude Include="Asset\Animation\Animation2DManager.h">
      <Filter>03.Asset\04. Animation</Filter>
    </ClInclude>
    <ClInclude Include="Animation\Animation2D.h">
      <Filter>09.Animation</Filter>
    </ClInclude>
    <ClInclude Include="Animation\Animation2DSequence.h">
      <Filter>09.Animation</Filter>
    </ClInclude>
    <ClInclude Include="Shader\Animation2DCBuffer.h">
      <Filter>04.Shader\03.ConstantBuffer\05.Animation</Filter>
    </ClInclude>
    <ClInclude Include="Object\SpriteEffect.h">
      <Filter>06.Object\04.Effect</Filter>
    </ClInclude>
    <ClInclude Include="Asset\Sound\fmod.h">
      <Filter>03.Asset\05.Sound</Filter>
    </ClInclude>
    <ClInclude Include="Asset\Sound\fmod.hpp">
      <Filter>03.Asset\05.Sound</Filter>
    </ClInclude>
    <ClInclude Include="Asset\Sound\fmod_codec.h">
      <Filter>03.Asset\05.Sound</Filter>
    </ClInclude>
    <ClInclude Include="Asset\Sound\fmod_common.h">
      <Filter>03.Asset\05.Sound</Filter>
    </ClInclude>
    <ClInclude Include="Asset\Sound\fmod_dsp.h">
      <Filter>03.Asset\05.Sound</Filter>
    </ClInclude>
    <ClInclude Include="Asset\Sound\fmod_dsp_effects.h">
      <Filter>03.Asset\05.Sound</Filter>
    </ClInclude>
    <ClInclude Include="Asset\Sound\fmod_errors.h">
      <Filter>03.Asset\05.Sound</Filter>
    </ClInclude>
    <ClInclude Include="Asset\Sound\fmod_output.h">
      <Filter>03.Asset\05.Sound</Filter>
    </ClInclude>
    <ClInclude Include="Asset\Sound\SoundManager.h">
      <Filter>03.Asset\05.Sound</Filter>
    </ClInclude>
    <ClInclude Include="Asset\Sound\Sound.h">
      <Filter>03.Asset\05.Sound</Filter>
    </ClInclude>
    <ClInclude Include="Render\RasterizerState.h">
      <Filter>08.Render\01.RenderState</Filter>
    </ClInclude>
  </ItemGroup>
  <ItemGroup>
    <ResourceCompile Include="CYSFramework.rc">
      <Filter>리소스 파일</Filter>
    </ResourceCompile>
  </ItemGroup>
  <ItemGroup>
    <Image Include="icon2.ico">
      <Filter>리소스 파일</Filter>
    </Image>
  </ItemGroup>
  <ItemGroup>
    <FxCompile Include="..\Bin\Shader\ColorMesh.fx">
      <Filter>04.Shader\01.HLSL</Filter>
    </FxCompile>
    <FxCompile Include="..\Bin\Shader\Share.fx">
      <Filter>04.Shader\01.HLSL</Filter>
    </FxCompile>
    <FxCompile Include="..\Bin\Shader\Mesh.fx">
      <Filter>04.Shader\01.HLSL</Filter>
    </FxCompile>
    <FxCompile Include="..\Bin\Shader\Sprite.fx">
      <Filter>04.Shader\01.HLSL</Filter>
    </FxCompile>
  </ItemGroup>
  <ItemGroup>
    <None Include="ClassDiagram.cd" />
    <None Include="Asset\Texture\DirectXTex.inl">
      <Filter>03.Asset\02.Texture</Filter>
    </None>
    <None Include="Asset\Sound\fmod.cs">
      <Filter>03.Asset\05.Sound</Filter>
    </None>
    <None Include="Asset\Sound\fmod_dsp.cs">
      <Filter>03.Asset\05.Sound</Filter>
    </None>
    <None Include="Asset\Sound\fmod_errors.cs">
      <Filter>03.Asset\05.Sound</Filter>
    </None>
  </ItemGroup>
</Project>